
Microsoft Visual Studio Solution File, Format Version 12.00
# Visual Studio Version 16
VisualStudioVersion = 16.0.30104.148
MinimumVisualStudioVersion = 10.0.40219.1
Project("{9A19103F-16F7-4668-BE54-9A1E7A4F7556}") = "DiscreteMath.Web", "DiscreteMath.Web\DiscreteMath.Web.csproj", "{7CD5D5B4-E03A-4625-AA46-A2118E36F6A7}"
EndProject
Project("{9A19103F-16F7-4668-BE54-9A1E7A4F7556}") = "Tests", "Tests\Tests.csproj", "{018AB70B-D72B-4A1E-844D-3D81A6E6CB8E}"
EndProject
Project("{9A19103F-16F7-4668-BE54-9A1E7A4F7556}") = "DiscreteMath.Console", "DiscreteMath.Console\DiscreteMath.Console.csproj", "{354F9C22-1A70-48CB-95FC-1D4AC9E64BBB}"
EndProject
Project("{9A19103F-16F7-4668-BE54-9A1E7A4F7556}") = "DiscreteMath.Core", "DiscreteMath.Core\DiscreteMath.Core.csproj", "{B5AE2924-6C78-43E5-9435-A104198FA1BF}"
EndProject
Global
	GlobalSection(SolutionConfigurationPlatforms) = preSolution
		Debug|Any CPU = Debug|Any CPU
		Release|Any CPU = Release|Any CPU
	EndGlobalSection
	GlobalSection(ProjectConfigurationPlatforms) = postSolution
		{7CD5D5B4-E03A-4625-AA46-A2118E36F6A7}.Debug|Any CPU.ActiveCfg = Debug|Any CPU
		{7CD5D5B4-E03A-4625-AA46-A2118E36F6A7}.Debug|Any CPU.Build.0 = Debug|Any CPU
		{7CD5D5B4-E03A-4625-AA46-A2118E36F6A7}.Release|Any CPU.ActiveCfg = Release|Any CPU
		{7CD5D5B4-E03A-4625-AA46-A2118E36F6A7}.Release|Any CPU.Build.0 = Release|Any CPU
		{018AB70B-D72B-4A1E-844D-3D81A6E6CB8E}.Debug|Any CPU.ActiveCfg = Debug|Any CPU
		{018AB70B-D72B-4A1E-844D-3D81A6E6CB8E}.Debug|Any CPU.Build.0 = Debug|Any CPU
		{018AB70B-D72B-4A1E-844D-3D81A6E6CB8E}.Release|Any CPU.ActiveCfg = Release|Any CPU
		{018AB70B-D72B-4A1E-844D-3D81A6E6CB8E}.Release|Any CPU.Build.0 = Release|Any CPU
		{354F9C22-1A70-48CB-95FC-1D4AC9E64BBB}.Debug|Any CPU.ActiveCfg = Debug|Any CPU
		{354F9C22-1A70-48CB-95FC-1D4AC9E64BBB}.Debug|Any CPU.Build.0 = Debug|Any CPU
		{354F9C22-1A70-48CB-95FC-1D4AC9E64BBB}.Release|Any CPU.ActiveCfg = Release|Any CPU
		{354F9C22-1A70-48CB-95FC-1D4AC9E64BBB}.Release|Any CPU.Build.0 = Release|Any CPU
		{B5AE2924-6C78-43E5-9435-A104198FA1BF}.Debug|Any CPU.ActiveCfg = Debug|Any CPU
		{B5AE2924-6C78-43E5-9435-A104198FA1BF}.Debug|Any CPU.Build.0 = Debug|Any CPU
		{B5AE2924-6C78-43E5-9435-A104198FA1BF}.Release|Any CPU.ActiveCfg = Release|Any CPU
		{B5AE2924-6C78-43E5-9435-A104198FA1BF}.Release|Any CPU.Build.0 = Release|Any CPU
	EndGlobalSection
	GlobalSection(SolutionProperties) = preSolution
		HideSolutionNode = FALSE
	EndGlobalSection
	GlobalSection(ExtensibilityGlobals) = postSolution
		SolutionGuid = {1FA6809B-AB78-42AE-9801-191CAEDD44A6}
	EndGlobalSection
EndGlobal
